
Microsoft Visual Studio Solution File, Format Version 12.00
# Visual Studio Version 17
VisualStudioVersion = 17.13.35828.75 d17.13
MinimumVisualStudioVersion = 10.0.40219.1
Project("{FAE04EC0-301F-11D3-BF4B-00C04F79EFBC}") = "Crud.Web.Api", "Crud.Web.Api\Crud.Web.Api.csproj", "{5FD65079-1E0D-4E69-BBA8-513E883DDD94}"
EndProject
Global
	GlobalSection(SolutionConfigurationPlatforms) = preSolution
		Debug|Any CPU = Debug|Any CPU
		Release|Any CPU = Release|Any CPU
	EndGlobalSection
	GlobalSection(ProjectConfigurationPlatforms) = postSolution
		{5FD65079-1E0D-4E69-BBA8-513E883DDD94}.Debug|Any CPU.ActiveCfg = Debug|Any CPU
		{5FD65079-1E0D-4E69-BBA8-513E883DDD94}.Debug|Any CPU.Build.0 = Debug|Any CPU
		{5FD65079-1E0D-4E69-BBA8-513E883DDD94}.Release|Any CPU.ActiveCfg = Release|Any CPU
		{5FD65079-1E0D-4E69-BBA8-513E883DDD94}.Release|Any CPU.Build.0 = Release|Any CPU
	EndGlobalSection
	GlobalSection(SolutionProperties) = preSolution
		HideSolutionNode = FALSE
	EndGlobalSection
	GlobalSection(ExtensibilityGlobals) = postSolution
		SolutionGuid = {CF1E85F7-AC34-429A-8FE5-DE1A98695B1E}
	EndGlobalSection
EndGlobal
